// !$*UTF8*$!
{
	archiveVersion = 1;
	classes = {
	};
	objectVersion = 48;
	objects = {

/* Begin PBXBuildFile section */
		DEFA7A7B20169A7F00CBFE0B /* AppDelegate.swift in Sources */ = {isa = PBXBuildFile; fileRef = DEFA7A7A20169A7F00CBFE0B /* AppDelegate.swift */; };
		DEFA7A8020169A8000CBFE0B /* Main.storyboard in Resources */ = {isa = PBXBuildFile; fileRef = DEFA7A7E20169A8000CBFE0B /* Main.storyboard */; };
		DEFA7A8220169A8000CBFE0B /* Assets.xcassets in Resources */ = {isa = PBXBuildFile; fileRef = DEFA7A8120169A8000CBFE0B /* Assets.xcassets */; };
		DEFA7A8520169A8000CBFE0B /* LaunchScreen.storyboard in Resources */ = {isa = PBXBuildFile; fileRef = DEFA7A8320169A8000CBFE0B /* LaunchScreen.storyboard */; };
		DEFA7A8D20169ACD00CBFE0B /* TableViewController.swift in Sources */ = {isa = PBXBuildFile; fileRef = DEFA7A8C20169ACD00CBFE0B /* TableViewController.swift */; };
		DEFA7A8F20169B0E00CBFE0B /* ToDoTableViewCell.swift in Sources */ = {isa = PBXBuildFile; fileRef = DEFA7A8E20169B0E00CBFE0B /* ToDoTableViewCell.swift */; };
		DEFA7A912017B15900CBFE0B /* Item.swift in Sources */ = {isa = PBXBuildFile; fileRef = DEFA7A902017B15900CBFE0B /* Item.swift */; };
/* End PBXBuildFile section */

/* Begin PBXFileReference section */
		DEFA7A7720169A7F00CBFE0B /* To Do list app.app */ = {isa = PBXFileReference; explicitFileType = wrapper.application; includeInIndex = 0; path = "To Do list app.app"; sourceTree = BUILT_PRODUCTS_DIR; };
		DEFA7A7A20169A7F00CBFE0B /* AppDelegate.swift */ = {isa = PBXFileReference; lastKnownFileType = sourcecode.swift; path = AppDelegate.swift; sourceTree = "<group>"; };
		DEFA7A7F20169A8000CBFE0B /* Base */ = {isa = PBXFileReference; lastKnownFileType = file.storyboard; name = Base; path = Base.lproj/Main.storyboard; sourceTree = "<group>"; };
		DEFA7A8120169A8000CBFE0B /* Assets.xcassets */ = {isa = PBXFileReference; lastKnownFileType = folder.assetcatalog; path = Assets.xcassets; sourceTree = "<group>"; };
		DEFA7A8420169A8000CBFE0B /* Base */ = {isa = PBXFileReference; lastKnownFileType = file.storyboard; name = Base; path = Base.lproj/LaunchScreen.storyboard; sourceTree = "<group>"; };
		DEFA7A8620169A8000CBFE0B /* Info.plist */ = {isa = PBXFileReference; lastKnownFileType = text.plist.xml; path = Info.plist; sourceTree = "<group>"; };
		DEFA7A8C20169ACD00CBFE0B /* TableViewController.swift */ = {isa = PBXFileReference; lastKnownFileType = sourcecode.swift; path = TableViewController.swift; sourceTree = "<group>"; };
		DEFA7A8E20169B0E00CBFE0B /* ToDoTableViewCell.swift */ = {isa = PBXFileReference; lastKnownFileType = sourcecode.swift; path = ToDoTableViewCell.swift; sourceTree = "<group>"; };
		DEFA7A902017B15900CBFE0B /* Item.swift */ = {isa = PBXFileReference; lastKnownFileType = sourcecode.swift; path = Item.swift; sourceTree = "<group>"; };
/* End PBXFileReference section */

/* Begin PBXFrameworksBuildPhase section */
		DEFA7A7420169A7F00CBFE0B /* Frameworks */ = {
			isa = PBXFrameworksBuildPhase;
			buildActionMask = 2147483647;
			files = (
			);
			runOnlyForDeploymentPostprocessing = 0;
		};
/* End PBXFrameworksBuildPhase section */

/* Begin PBXGroup section */
		DEFA7A6E20169A7F00CBFE0B = {
			isa = PBXGroup;
			children = (
				DEFA7A7920169A7F00CBFE0B /* To Do list app */,
				DEFA7A7820169A7F00CBFE0B /* Products */,
			);
			sourceTree = "<group>";
		};
		DEFA7A7820169A7F00CBFE0B /* Products */ = {
			isa = PBXGroup;
			children = (
				DEFA7A7720169A7F00CBFE0B /* To Do list app.app */,
			);
			name = Products;
			sourceTree = "<group>";
		};
		DEFA7A7920169A7F00CBFE0B /* To Do list app */ = {
			isa = PBXGroup;
			children = (
				DEFA7A7A20169A7F00CBFE0B /* AppDelegate.swift */,
				DEFA7A932017B2A300CBFE0B /* Controller */,
				DEFA7A8E20169B0E00CBFE0B /* ToDoTableViewCell.swift */,
				DEFA7A942017B2BF00CBFE0B /* Views */,
				DEFA7A952017B2D000CBFE0B /* Supporting Files */,
				DEFA7A8620169A8000CBFE0B /* Info.plist */,
				DEFA7A922017B29A00CBFE0B /* Data model */,
			);
			path = "To Do list app";
			sourceTree = "<group>";
		};
		DEFA7A922017B29A00CBFE0B /* Data model */ = {
			isa = PBXGroup;
			children = (
				DEFA7A902017B15900CBFE0B /* Item.swift */,
			);
			path = "Data model";
			sourceTree = "<group>";
		};
		DEFA7A932017B2A300CBFE0B /* Controller */ = {
			isa = PBXGroup;
			children = (
				DEFA7A8C20169ACD00CBFE0B /* TableViewController.swift */,
			);
			path = Controller;
			sourceTree = "<group>";
		};
		DEFA7A942017B2BF00CBFE0B /* Views */ = {
			isa = PBXGroup;
			children = (
				DEFA7A7E20169A8000CBFE0B /* Main.storyboard */,
			);
			path = Views;
			sourceTree = "<group>";
		};
		DEFA7A952017B2D000CBFE0B /* Supporting Files */ = {
			isa = PBXGroup;
			children = (
				DEFA7A8120169A8000CBFE0B /* Assets.xcassets */,
				DEFA7A8320169A8000CBFE0B /* LaunchScreen.storyboard */,
			);
			path = "Supporting Files";
			sourceTree = "<group>";
		};
/* End PBXGroup section */

/* Begin PBXNativeTarget section */
		DEFA7A7620169A7F00CBFE0B /* To Do list app */ = {
			isa = PBXNativeTarget;
			buildConfigurationList = DEFA7A8920169A8000CBFE0B /* Build configuration list for PBXNativeTarget "To Do list app" */;
			buildPhases = (
				DEFA7A7320169A7F00CBFE0B /* Sources */,
				DEFA7A7420169A7F00CBFE0B /* Frameworks */,
				DEFA7A7520169A7F00CBFE0B /* Resources */,
			);
			buildRules = (
			);
			dependencies = (
			);
			name = "To Do list app";
			productName = "To Do list app";
			productReference = DEFA7A7720169A7F00CBFE0B /* To Do list app.app */;
			productType = "com.apple.product-type.application";
		};
/* End PBXNativeTarget section */

/* Begin PBXProject section */
		DEFA7A6F20169A7F00CBFE0B /* Project object */ = {
			isa = PBXProject;
			attributes = {
				LastSwiftUpdateCheck = 0920;
				LastUpgradeCheck = 0920;
				ORGANIZATIONNAME = "Joel Mann";
				TargetAttributes = {
					DEFA7A7620169A7F00CBFE0B = {
						CreatedOnToolsVersion = 9.2;
						ProvisioningStyle = Automatic;
					};
				};
			};
			buildConfigurationList = DEFA7A7220169A7F00CBFE0B /* Build configuration list for PBXProject "To Do list app" */;
			compatibilityVersion = "Xcode 8.0";
			developmentRegion = en;
			hasScannedForEncodings = 0;
			knownRegions = (
				en,
				Base,
			);
			mainGroup = DEFA7A6E20169A7F00CBFE0B;
			productRefGroup = DEFA7A7820169A7F00CBFE0B /* Products */;
			projectDirPath = "";
			projectRoot = "";
			targets = (
				DEFA7A7620169A7F00CBFE0B /* To Do list app */,
			);
		};
/* End PBXProject section */

/* Begin PBXResourcesBuildPhase section */
		DEFA7A7520169A7F00CBFE0B /* Resources */ = {
			isa = PBXResourcesBuildPhase;
			buildActionMask = 2147483647;
			files = (
				DEFA7A8520169A8000CBFE0B /* LaunchScreen.storyboard in Resources */,
				DEFA7A8220169A8000CBFE0B /* Assets.xcassets in Resources */,
				DEFA7A8020169A8000CBFE0B /* Main.storyboard in Resources */,
			);
			runOnlyForDeploymentPostprocessing = 0;
		};
/* End PBXResourcesBuildPhase section */

/* Begin PBXSourcesBuildPhase section */
		DEFA7A7320169A7F00CBFE0B /* Sources */ = {
			isa = PBXSourcesBuildPhase;
			buildActionMask = 2147483647;
			files = (
				DEFA7A912017B15900CBFE0B /* Item.swift in Sources */,
				DEFA7A8F20169B0E00CBFE0B /* ToDoTableViewCell.swift in Sources */,
				DEFA7A7B20169A7F00CBFE0B /* AppDelegate.swift in Sources */,
				DEFA7A8D20169ACD00CBFE0B /* TableViewController.swift in Sources */,
			);
			runOnlyForDeploymentPostprocessing = 0;
		};
/* End PBXSourcesBuildPhase section */

/* Begin PBXVariantGroup section */
		DEFA7A7E20169A8000CBFE0B /* Main.storyboard */ = {
			isa = PBXVariantGroup;
			children = (
				DEFA7A7F20169A8000CBFE0B /* Base */,
			);
			name = Main.storyboard;
			sourceTree = "<group>";
		};
		DEFA7A8320169A8000CBFE0B /* LaunchScreen.storyboard */ = {
			isa = PBXVariantGroup;
			children = (
				DEFA7A8420169A8000CBFE0B /* Base */,
			);
			name = LaunchScreen.storyboard;
			sourceTree = "<group>";
		};
/* End PBXVariantGroup section */

/* Begin XCBuildConfiguration section */
		DEFA7A8720169A8000CBFE0B /* Debug */ = {
			isa = XCBuildConfiguration;
			buildSettings = {
				ALWAYS_SEARCH_USER_PATHS = NO;
				CLANG_ANALYZER_NONNULL = YES;
				CLANG_ANALYZER_NUMBER_OBJECT_CONVERSION = YES_AGGRESSIVE;
				CLANG_CXX_LANGUAGE_STANDARD = "gnu++14";
				CLANG_CXX_LIBRARY = "libc++";
				CLANG_ENABLE_MODULES = YES;
				CLANG_ENABLE_OBJC_ARC = YES;
				CLANG_WARN_BLOCK_CAPTURE_AUTORELEASING = YES;
				CLANG_WARN_BOOL_CONVERSION = YES;
				CLANG_WARN_COMMA = YES;
				CLANG_WARN_CONSTANT_CONVERSION = YES;
				CLANG_WARN_DIRECT_OBJC_ISA_USAGE = YES_ERROR;
				CLANG_WARN_DOCUMENTATION_COMMENTS = YES;
				CLANG_WARN_EMPTY_BODY = YES;
				CLANG_WARN_ENUM_CONVERSION = YES;
				CLANG_WARN_INFINITE_RECURSION = YES;
				CLANG_WARN_INT_CONVERSION = YES;
				CLANG_WARN_NON_LITERAL_NULL_CONVERSION = YES;
				CLANG_WARN_OBJC_LITERAL_CONVERSION = YES;
				CLANG_WARN_OBJC_ROOT_CLASS = YES_ERROR;
				CLANG_WARN_RANGE_LOOP_ANALYSIS = YES;
				CLANG_WARN_STRICT_PROTOTYPES = YES;
				CLANG_WARN_SUSPICIOUS_MOVE = YES;
				CLANG_WARN_UNGUARDED_AVAILABILITY = YES_AGGRESSIVE;
				CLANG_WARN_UNREACHABLE_CODE = YES;
				CLANG_WARN__DUPLICATE_METHOD_MATCH = YES;
				CODE_SIGN_IDENTITY = "iPhone Developer";
				COPY_PHASE_STRIP = NO;
				DEBUG_INFORMATION_FORMAT = dwarf;
				ENABLE_STRICT_OBJC_MSGSEND = YES;
				ENABLE_TESTABILITY = YES;
				GCC_C_LANGUAGE_STANDARD = gnu11;
				GCC_DYNAMIC_NO_PIC = NO;
				GCC_NO_COMMON_BLOCKS = YES;
				GCC_OPTIMIZATION_LEVEL = 0;
				GCC_PREPROCESSOR_DEFINITIONS = (
					"DEBUG=1",
					"$(inherited)",
				);
				GCC_WARN_64_TO_32_BIT_CONVERSION = YES;
				GCC_WARN_ABOUT_RETURN_TYPE = YES_ERROR;
				GCC_WARN_UNDECLARED_SELECTOR = YES;
				GCC_WARN_UNINITIALIZED_AUTOS = YES_AGGRESSIVE;
				GCC_WARN_UNUSED_FUNCTION = YES;
				GCC_WARN_UNUSED_VARIABLE = YES;
				IPHONEOS_DEPLOYMENT_TARGET = 11.2;
				MTL_ENABLE_DEBUG_INFO = YES;
				ONLY_ACTIVE_ARCH = YES;
				SDKROOT = iphoneos;
				SWIFT_ACTIVE_COMPILATION_CONDITIONS = DEBUG;
				SWIFT_OPTIMIZATION_LEVEL = "-Onone";
			};
			name = Debug;
		};
		DEFA7A8820169A8000CBFE0B /* Release */ = {
			isa = XCBuildConfiguration;
			buildSettings = {
				ALWAYS_SEARCH_USER_PATHS = NO;
				CLANG_ANALYZER_NONNULL = YES;
				CLANG_ANALYZER_NUMBER_OBJECT_CONVERSION = YES_AGGRESSIVE;
				CLANG_CXX_LANGUAGE_STANDARD = "gnu++14";
				CLANG_CXX_LIBRARY = "libc++";
				CLANG_ENABLE_MODULES = YES;
				CLANG_ENABLE_OBJC_ARC = YES;
				CLANG_WARN_BLOCK_CAPTURE_AUTORELEASING = YES;
				CLANG_WARN_BOOL_CONVERSION = YES;
				CLANG_WARN_COMMA = YES;
				CLANG_WARN_CONSTANT_CONVERSION = YES;
				CLANG_WARN_DIRECT_OBJC_ISA_USAGE = YES_ERROR;
				CLANG_WARN_DOCUMENTATION_COMMENTS = YES;
				CLANG_WARN_EMPTY_BODY = YES;
				CLANG_WARN_ENUM_CONVERSION = YES;
				CLANG_WARN_INFINITE_RECURSION = YES;
				CLANG_WARN_INT_CONVERSION = YES;
				CLANG_WARN_NON_LITERAL_NULL_CONVERSION = YES;
				CLANG_WARN_OBJC_LITERAL_CONVERSION = YES;
				CLANG_WARN_OBJC_ROOT_CLASS = YES_ERROR;
				CLANG_WARN_RANGE_LOOP_ANALYSIS = YES;
				CLANG_WARN_STRICT_PROTOTYPES = YES;
				CLANG_WARN_SUSPICIOUS_MOVE = YES;
				CLANG_WARN_UNGUARDED_AVAILABILITY = YES_AGGRESSIVE;
				CLANG_WARN_UNREACHABLE_CODE = YES;
				CLANG_WARN__DUPLICATE_METHOD_MATCH = YES;
				CODE_SIGN_IDENTITY = "iPhone Developer";
				COPY_PHASE_STRIP = NO;
				DEBUG_INFORMATION_FORMAT = "dwarf-with-dsym";
				ENABLE_NS_ASSERTIONS = NO;
				ENABLE_STRICT_OBJC_MSGSEND = YES;
				GCC_C_LANGUAGE_STANDARD = gnu11;
				GCC_NO_COMMON_BLOCKS = YES;
				GCC_WARN_64_TO_32_BIT_CONVERSION = YES;
				GCC_WARN_ABOUT_RETURN_TYPE = YES_ERROR;
				GCC_WARN_UNDECLARED_SELECTOR = YES;
				GCC_WARN_UNINITIALIZED_AUTOS = YES_AGGRESSIVE;
				GCC_WARN_UNUSED_FUNCTION = YES;
				GCC_WARN_UNUSED_VARIABLE = YES;
				IPHONEOS_DEPLOYMENT_TARGET = 11.2;
				MTL_ENABLE_DEBUG_INFO = NO;
				SDKROOT = iphoneos;
				SWIFT_OPTIMIZATION_LEVEL = "-Owholemodule";
				VALIDATE_PRODUCT = YES;
			};
			name = Release;
		};
		DEFA7A8A20169A8000CBFE0B /* Debug */ = {
			isa = XCBuildConfiguration;
			buildSettings = {
				ASSETCATALOG_COMPILER_APPICON_NAME = AppIcon;
				CODE_SIGN_STYLE = Automatic;
				DEVELOPMENT_TEAM = 5LXEN4ZX8H;
				INFOPLIST_FILE = "To Do list app/Info.plist";
				LD_RUNPATH_SEARCH_PATHS = "$(inherited) @executable_path/Frameworks";
				PRODUCT_BUNDLE_IDENTIFIER = "net.joelmann.To-Do-list-app";
				PRODUCT_NAME = "$(TARGET_NAME)";
				SWIFT_VERSION = 4.0;
				TARGETED_DEVICE_FAMILY = "1,2";
			};
			name = Debug;
		};
		DEFA7A8B20169A8000CBFE0B /* Release */ = {
			isa = XCBuildConfiguration;
			buildSettings = {
				ASSETCATALOG_COMPILER_APPICON_NAME = AppIcon;
				CODE_SIGN_STYLE = Automatic;
				DEVELOPMENT_TEAM = 5LXEN4ZX8H;
				INFOPLIST_FILE = "To Do list app/Info.plist";
				LD_RUNPATH_SEARCH_PATHS = "$(inherited) @executable_path/Frameworks";
				PRODUCT_BUNDLE_IDENTIFIER = "net.joelmann.To-Do-list-app";
				PRODUCT_NAME = "$(TARGET_NAME)";
				SWIFT_VERSION = 4.0;
				TARGETED_DEVICE_FAMILY = "1,2";
			};
			name = Release;
		};
/* End XCBuildConfiguration section */

/* Begin XCConfigurationList section */
		DEFA7A7220169A7F00CBFE0B /* Build configuration list for PBXProject "To Do list app" */ = {
			isa = XCConfigurationList;
			buildConfigurations = (
				DEFA7A8720169A8000CBFE0B /* Debug */,
				DEFA7A8820169A8000CBFE0B /* Release */,
			);
			defaultConfigurationIsVisible = 0;
			defaultConfigurationName = Release;
		};
		DEFA7A8920169A8000CBFE0B /* Build configuration list for PBXNativeTarget "To Do list app" */ = {
			isa = XCConfigurationList;
			buildConfigurations = (
				DEFA7A8A20169A8000CBFE0B /* Debug */,
				DEFA7A8B20169A8000CBFE0B /* Release */,
			);
			defaultConfigurationIsVisible = 0;
			defaultConfigurationName = Release;
		};
/* End XCConfigurationList section */
	};
	rootObject = DEFA7A6F20169A7F00CBFE0B /* Project object */;
}
